
Microsoft Visual Studio Solution File, Format Version 12.00
# Visual Studio Version 16
VisualStudioVersion = 16.0.29201.188
MinimumVisualStudioVersion = 10.0.40219.1
Project("{FAE04EC0-301F-11D3-BF4B-00C04F79EFBC}") = "Model", "Model\Model.csproj", "{F7345588-95DA-4B3F-8A64-215ED5889607}"
EndProject
Project("{FAE04EC0-301F-11D3-BF4B-00C04F79EFBC}") = "View", "View\View.csproj", "{FC4E9BFA-7CE4-4ADF-8A32-E8D12A9802C5}"
EndProject
Project("{FAE04EC0-301F-11D3-BF4B-00C04F79EFBC}") = "Model.Tests", "Model.Tests\Model.Tests.csproj", "{534E2C9C-A8E0-4C76-AE6C-E7A402FE49BB}"
EndProject
Project("{2150E333-8FDC-42A3-9474-1A3956D46DE8}") = "Tests", "Tests", "{7FBCDB4F-1A97-4887-B1A4-7F270F6F7280}"
EndProject
Project("{FAE04EC0-301F-11D3-BF4B-00C04F79EFBC}") = "Presentation", "Presentation\Presentation.csproj", "{588573C0-892D-4E59-8E8B-B83596F368D0}"
EndProject
Project("{FAE04EC0-301F-11D3-BF4B-00C04F79EFBC}") = "Presentation.Tests", "Presentation.Tests\Presentation.Tests.csproj", "{D72A573F-0438-4485-861C-60F2C1A394F8}"
EndProject
Global
	GlobalSection(SolutionConfigurationPlatforms) = preSolution
		Debug|Any CPU = Debug|Any CPU
		Release|Any CPU = Release|Any CPU
	EndGlobalSection
	GlobalSection(ProjectConfigurationPlatforms) = postSolution
		{F7345588-95DA-4B3F-8A64-215ED5889607}.Debug|Any CPU.ActiveCfg = Debug|Any CPU
		{F7345588-95DA-4B3F-8A64-215ED5889607}.Debug|Any CPU.Build.0 = Debug|Any CPU
		{F7345588-95DA-4B3F-8A64-215ED5889607}.Release|Any CPU.ActiveCfg = Release|Any CPU
		{F7345588-95DA-4B3F-8A64-215ED5889607}.Release|Any CPU.Build.0 = Release|Any CPU
		{FC4E9BFA-7CE4-4ADF-8A32-E8D12A9802C5}.Debug|Any CPU.ActiveCfg = Debug|Any CPU
		{FC4E9BFA-7CE4-4ADF-8A32-E8D12A9802C5}.Debug|Any CPU.Build.0 = Debug|Any CPU
		{FC4E9BFA-7CE4-4ADF-8A32-E8D12A9802C5}.Release|Any CPU.ActiveCfg = Release|Any CPU
		{FC4E9BFA-7CE4-4ADF-8A32-E8D12A9802C5}.Release|Any CPU.Build.0 = Release|Any CPU
		{534E2C9C-A8E0-4C76-AE6C-E7A402FE49BB}.Debug|Any CPU.ActiveCfg = Debug|Any CPU
		{534E2C9C-A8E0-4C76-AE6C-E7A402FE49BB}.Debug|Any CPU.Build.0 = Debug|Any CPU
		{534E2C9C-A8E0-4C76-AE6C-E7A402FE49BB}.Release|Any CPU.ActiveCfg = Release|Any CPU
		{534E2C9C-A8E0-4C76-AE6C-E7A402FE49BB}.Release|Any CPU.Build.0 = Release|Any CPU
		{588573C0-892D-4E59-8E8B-B83596F368D0}.Debug|Any CPU.ActiveCfg = Debug|Any CPU
		{588573C0-892D-4E59-8E8B-B83596F368D0}.Debug|Any CPU.Build.0 = Debug|Any CPU
		{588573C0-892D-4E59-8E8B-B83596F368D0}.Release|Any CPU.ActiveCfg = Release|Any CPU
		{588573C0-892D-4E59-8E8B-B83596F368D0}.Release|Any CPU.Build.0 = Release|Any CPU
		{D72A573F-0438-4485-861C-60F2C1A394F8}.Debug|Any CPU.ActiveCfg = Debug|Any CPU
		{D72A573F-0438-4485-861C-60F2C1A394F8}.Debug|Any CPU.Build.0 = Debug|Any CPU
		{D72A573F-0438-4485-861C-60F2C1A394F8}.Release|Any CPU.ActiveCfg = Release|Any CPU
		{D72A573F-0438-4485-861C-60F2C1A394F8}.Release|Any CPU.Build.0 = Release|Any CPU
	EndGlobalSection
	GlobalSection(SolutionProperties) = preSolution
		HideSolutionNode = FALSE
	EndGlobalSection
	GlobalSection(NestedProjects) = preSolution
		{534E2C9C-A8E0-4C76-AE6C-E7A402FE49BB} = {7FBCDB4F-1A97-4887-B1A4-7F270F6F7280}
		{D72A573F-0438-4485-861C-60F2C1A394F8} = {7FBCDB4F-1A97-4887-B1A4-7F270F6F7280}
	EndGlobalSection
	GlobalSection(ExtensibilityGlobals) = postSolution
		SolutionGuid = {AA2CD677-1AC8-4A26-90F9-508E0FF3CC7E}
	EndGlobalSection
EndGlobal
